
Microsoft Visual Studio Solution File, Format Version 12.00
# Visual Studio Version 17
VisualStudioVersion = 17.4.33403.182
MinimumVisualStudioVersion = 10.0.40219.1
Project("{FAE04EC0-301F-11D3-BF4B-00C04F79EFBC}") = "Design Pattern", "Design Pattern\Design Pattern.csproj", "{B8031177-AB7C-4A7A-9AE3-DE2437908591}"
EndProject
Global
	GlobalSection(SolutionConfigurationPlatforms) = preSolution
		Debug|Any CPU = Debug|Any CPU
		Release|Any CPU = Release|Any CPU
	EndGlobalSection
	GlobalSection(ProjectConfigurationPlatforms) = postSolution
		{B8031177-AB7C-4A7A-9AE3-DE2437908591}.Debug|Any CPU.ActiveCfg = Debug|Any CPU
		{B8031177-AB7C-4A7A-9AE3-DE2437908591}.Debug|Any CPU.Build.0 = Debug|Any CPU
		{B8031177-AB7C-4A7A-9AE3-DE2437908591}.Release|Any CPU.ActiveCfg = Release|Any CPU
		{B8031177-AB7C-4A7A-9AE3-DE2437908591}.Release|Any CPU.Build.0 = Release|Any CPU
	EndGlobalSection
	GlobalSection(SolutionProperties) = preSolution
		HideSolutionNode = FALSE
	EndGlobalSection
	GlobalSection(ExtensibilityGlobals) = postSolution
		SolutionGuid = {E79B414F-2443-48B2-B239-76354AA57FAB}
	EndGlobalSection
EndGlobal
