
Microsoft Visual Studio Solution File, Format Version 12.00
# Visual Studio Version 17
VisualStudioVersion = 17.4.33403.182
MinimumVisualStudioVersion = 10.0.40219.1
Project("{2150E333-8FDC-42A3-9474-1A3956D46DE8}") = "Creational", "Creational", "{02EA681E-C7D8-13C7-8484-4AC65E1B71E8}"
EndProject
Project("{FAE04EC0-301F-11D3-BF4B-00C04F79EFBC}") = "Factory Method", "Creational\Factory Method\Factory Method.csproj", "{F5A367DA-CFB3-5717-C65B-51707C99E206}"
EndProject
Project("{FAE04EC0-301F-11D3-BF4B-00C04F79EFBC}") = "Abstract Factory", "Creational\Abstract Factory\Abstract Factory.csproj", "{C59843D2-CD99-44D8-A3F4-026E6C97042D}"
EndProject
Project("{FAE04EC0-301F-11D3-BF4B-00C04F79EFBC}") = "Builder", "Creational\Builder\Builder.csproj", "{DA4BD2AC-6F3B-4041-96AB-E33F0C5FC4A3}"
EndProject
Project("{FAE04EC0-301F-11D3-BF4B-00C04F79EFBC}") = "Prototype", "Creational\Prototype\Prototype.csproj", "{EBEE195D-51D4-4AB8-A63F-F26A148E8CE8}"
EndProject
Project("{FAE04EC0-301F-11D3-BF4B-00C04F79EFBC}") = "Singleton", "Creational\Singleton\Singleton.csproj", "{134B1285-0E29-408D-8D50-CCF4F31C1D26}"
EndProject
Project("{2150E333-8FDC-42A3-9474-1A3956D46DE8}") = "Structural", "Structural", "{A7EE89BB-AB0C-440D-AA73-051AFC4C232B}"
EndProject
Project("{FAE04EC0-301F-11D3-BF4B-00C04F79EFBC}") = "Adapter", "Structural\Adapter\Adapter.csproj", "{079B8AB3-220B-467C-A7C4-F83204C6B49D}"
EndProject
Project("{FAE04EC0-301F-11D3-BF4B-00C04F79EFBC}") = "Bridge", "Structural\Bridge\Bridge.csproj", "{62FD7C66-D027-4F7D-BC3A-93020B6B66C5}"
EndProject
Project("{FAE04EC0-301F-11D3-BF4B-00C04F79EFBC}") = "Composite", "Structural\Composite\Composite.csproj", "{921548FC-84DA-48BB-8748-FB67305EB744}"
EndProject
Project("{FAE04EC0-301F-11D3-BF4B-00C04F79EFBC}") = "Decorator", "Structural\Decorator\Decorator.csproj", "{6DE16D57-4183-4D4D-8257-49FB870F8E7E}"
EndProject
Global
	GlobalSection(SolutionConfigurationPlatforms) = preSolution
		Debug|Any CPU = Debug|Any CPU
		Release|Any CPU = Release|Any CPU
	EndGlobalSection
	GlobalSection(ProjectConfigurationPlatforms) = postSolution
		{F5A367DA-CFB3-5717-C65B-51707C99E206}.Debug|Any CPU.ActiveCfg = Debug|Any CPU
		{F5A367DA-CFB3-5717-C65B-51707C99E206}.Debug|Any CPU.Build.0 = Debug|Any CPU
		{F5A367DA-CFB3-5717-C65B-51707C99E206}.Release|Any CPU.ActiveCfg = Release|Any CPU
		{F5A367DA-CFB3-5717-C65B-51707C99E206}.Release|Any CPU.Build.0 = Release|Any CPU
		{C59843D2-CD99-44D8-A3F4-026E6C97042D}.Debug|Any CPU.ActiveCfg = Debug|Any CPU
		{C59843D2-CD99-44D8-A3F4-026E6C97042D}.Debug|Any CPU.Build.0 = Debug|Any CPU
		{C59843D2-CD99-44D8-A3F4-026E6C97042D}.Release|Any CPU.ActiveCfg = Release|Any CPU
		{C59843D2-CD99-44D8-A3F4-026E6C97042D}.Release|Any CPU.Build.0 = Release|Any CPU
		{DA4BD2AC-6F3B-4041-96AB-E33F0C5FC4A3}.Debug|Any CPU.ActiveCfg = Debug|Any CPU
		{DA4BD2AC-6F3B-4041-96AB-E33F0C5FC4A3}.Debug|Any CPU.Build.0 = Debug|Any CPU
		{DA4BD2AC-6F3B-4041-96AB-E33F0C5FC4A3}.Release|Any CPU.ActiveCfg = Release|Any CPU
		{DA4BD2AC-6F3B-4041-96AB-E33F0C5FC4A3}.Release|Any CPU.Build.0 = Release|Any CPU
		{EBEE195D-51D4-4AB8-A63F-F26A148E8CE8}.Debug|Any CPU.ActiveCfg = Debug|Any CPU
		{EBEE195D-51D4-4AB8-A63F-F26A148E8CE8}.Debug|Any CPU.Build.0 = Debug|Any CPU
		{EBEE195D-51D4-4AB8-A63F-F26A148E8CE8}.Release|Any CPU.ActiveCfg = Release|Any CPU
		{EBEE195D-51D4-4AB8-A63F-F26A148E8CE8}.Release|Any CPU.Build.0 = Release|Any CPU
		{134B1285-0E29-408D-8D50-CCF4F31C1D26}.Debug|Any CPU.ActiveCfg = Debug|Any CPU
		{134B1285-0E29-408D-8D50-CCF4F31C1D26}.Debug|Any CPU.Build.0 = Debug|Any CPU
		{134B1285-0E29-408D-8D50-CCF4F31C1D26}.Release|Any CPU.ActiveCfg = Release|Any CPU
		{134B1285-0E29-408D-8D50-CCF4F31C1D26}.Release|Any CPU.Build.0 = Release|Any CPU
		{079B8AB3-220B-467C-A7C4-F83204C6B49D}.Debug|Any CPU.ActiveCfg = Debug|Any CPU
		{079B8AB3-220B-467C-A7C4-F83204C6B49D}.Debug|Any CPU.Build.0 = Debug|Any CPU
		{079B8AB3-220B-467C-A7C4-F83204C6B49D}.Release|Any CPU.ActiveCfg = Release|Any CPU
		{079B8AB3-220B-467C-A7C4-F83204C6B49D}.Release|Any CPU.Build.0 = Release|Any CPU
		{62FD7C66-D027-4F7D-BC3A-93020B6B66C5}.Debug|Any CPU.ActiveCfg = Debug|Any CPU
		{62FD7C66-D027-4F7D-BC3A-93020B6B66C5}.Debug|Any CPU.Build.0 = Debug|Any CPU
		{62FD7C66-D027-4F7D-BC3A-93020B6B66C5}.Release|Any CPU.ActiveCfg = Release|Any CPU
		{62FD7C66-D027-4F7D-BC3A-93020B6B66C5}.Release|Any CPU.Build.0 = Release|Any CPU
		{921548FC-84DA-48BB-8748-FB67305EB744}.Debug|Any CPU.ActiveCfg = Debug|Any CPU
		{921548FC-84DA-48BB-8748-FB67305EB744}.Debug|Any CPU.Build.0 = Debug|Any CPU
		{921548FC-84DA-48BB-8748-FB67305EB744}.Release|Any CPU.ActiveCfg = Release|Any CPU
		{921548FC-84DA-48BB-8748-FB67305EB744}.Release|Any CPU.Build.0 = Release|Any CPU
		{6DE16D57-4183-4D4D-8257-49FB870F8E7E}.Debug|Any CPU.ActiveCfg = Debug|Any CPU
		{6DE16D57-4183-4D4D-8257-49FB870F8E7E}.Debug|Any CPU.Build.0 = Debug|Any CPU
		{6DE16D57-4183-4D4D-8257-49FB870F8E7E}.Release|Any CPU.ActiveCfg = Release|Any CPU
		{6DE16D57-4183-4D4D-8257-49FB870F8E7E}.Release|Any CPU.Build.0 = Release|Any CPU
	EndGlobalSection
	GlobalSection(SolutionProperties) = preSolution
		HideSolutionNode = FALSE
	EndGlobalSection
	GlobalSection(NestedProjects) = preSolution
		{F5A367DA-CFB3-5717-C65B-51707C99E206} = {02EA681E-C7D8-13C7-8484-4AC65E1B71E8}
		{C59843D2-CD99-44D8-A3F4-026E6C97042D} = {02EA681E-C7D8-13C7-8484-4AC65E1B71E8}
		{DA4BD2AC-6F3B-4041-96AB-E33F0C5FC4A3} = {02EA681E-C7D8-13C7-8484-4AC65E1B71E8}
		{EBEE195D-51D4-4AB8-A63F-F26A148E8CE8} = {02EA681E-C7D8-13C7-8484-4AC65E1B71E8}
		{134B1285-0E29-408D-8D50-CCF4F31C1D26} = {02EA681E-C7D8-13C7-8484-4AC65E1B71E8}
		{079B8AB3-220B-467C-A7C4-F83204C6B49D} = {A7EE89BB-AB0C-440D-AA73-051AFC4C232B}
		{62FD7C66-D027-4F7D-BC3A-93020B6B66C5} = {A7EE89BB-AB0C-440D-AA73-051AFC4C232B}
		{921548FC-84DA-48BB-8748-FB67305EB744} = {A7EE89BB-AB0C-440D-AA73-051AFC4C232B}
		{6DE16D57-4183-4D4D-8257-49FB870F8E7E} = {A7EE89BB-AB0C-440D-AA73-051AFC4C232B}
	EndGlobalSection
	GlobalSection(ExtensibilityGlobals) = postSolution
		SolutionGuid = {E79B414F-2443-48B2-B239-76354AA57FAB}
	EndGlobalSection
EndGlobal
